// !$*UTF8*$!
{
	archiveVersion = 1;
	classes = {
	};
	objectVersion = 46;
	objects = {

/* Begin PBXBuildFile section */
		9D3FC98519B5F2CC004AD0A1 /* Foundation.framework in Frameworks */ = {isa = PBXBuildFile; fileRef = 9D3FC98419B5F2CC004AD0A1 /* Foundation.framework */; };
		9D3FC98719B5F2CC004AD0A1 /* CoreGraphics.framework in Frameworks */ = {isa = PBXBuildFile; fileRef = 9D3FC98619B5F2CC004AD0A1 /* CoreGraphics.framework */; };
		9D3FC98919B5F2CC004AD0A1 /* UIKit.framework in Frameworks */ = {isa = PBXBuildFile; fileRef = 9D3FC98819B5F2CC004AD0A1 /* UIKit.framework */; };
		9D3FC98B19B5F2CC004AD0A1 /* CoreData.framework in Frameworks */ = {isa = PBXBuildFile; fileRef = 9D3FC98A19B5F2CC004AD0A1 /* CoreData.framework */; };
		9D3FC99119B5F2CC004AD0A1 /* InfoPlist.strings in Resources */ = {isa = PBXBuildFile; fileRef = 9D3FC98F19B5F2CC004AD0A1 /* InfoPlist.strings */; };
		9D3FC99319B5F2CC004AD0A1 /* main.m in Sources */ = {isa = PBXBuildFile; fileRef = 9D3FC99219B5F2CC004AD0A1 /* main.m */; };
		9D3FC99A19B5F2CC004AD0A1 /* Photo_viewer.xcdatamodeld in Sources */ = {isa = PBXBuildFile; fileRef = 9D3FC99819B5F2CC004AD0A1 /* Photo_viewer.xcdatamodeld */; };
		9D3FC9A319B5F2CC004AD0A1 /* XCTest.framework in Frameworks */ = {isa = PBXBuildFile; fileRef = 9D3FC9A219B5F2CC004AD0A1 /* XCTest.framework */; };
		9D3FC9A419B5F2CC004AD0A1 /* Foundation.framework in Frameworks */ = {isa = PBXBuildFile; fileRef = 9D3FC98419B5F2CC004AD0A1 /* Foundation.framework */; };
		9D3FC9A519B5F2CC004AD0A1 /* UIKit.framework in Frameworks */ = {isa = PBXBuildFile; fileRef = 9D3FC98819B5F2CC004AD0A1 /* UIKit.framework */; };
		9D3FC9A619B5F2CC004AD0A1 /* CoreData.framework in Frameworks */ = {isa = PBXBuildFile; fileRef = 9D3FC98A19B5F2CC004AD0A1 /* CoreData.framework */; };
		9D3FC9AE19B5F2CC004AD0A1 /* InfoPlist.strings in Resources */ = {isa = PBXBuildFile; fileRef = 9D3FC9AC19B5F2CC004AD0A1 /* InfoPlist.strings */; };
		9D3FC9B019B5F2CC004AD0A1 /* Photo_viewerTests.m in Sources */ = {isa = PBXBuildFile; fileRef = 9D3FC9AF19B5F2CC004AD0A1 /* Photo_viewerTests.m */; };
		FEBDC0B9BABEB82E0ED29C8E /* Album.m in Sources */ = {isa = PBXBuildFile; fileRef = FEBDC0E9154BCE6556DCD8B6 /* Album.m */; };
		FEBDC3692818CB7E6128CF4C /* BLOTableViewController.m in Sources */ = {isa = PBXBuildFile; fileRef = FEBDC5E03456E53B4CD0216F /* BLOTableViewController.m */; };
		FEBDCB4BD5925251DA94498C /* Images.xcassets in Resources */ = {isa = PBXBuildFile; fileRef = FEBDC3B80A38A1CE6CAF366D /* Images.xcassets */; };
		FEBDCCE67D70FB4782D73CE5 /* BLOAppDelegate.m in Sources */ = {isa = PBXBuildFile; fileRef = FEBDC22632AA4D7F6E1B1905 /* BLOAppDelegate.m */; };
		FEBDCF60A2DF3E4A8ED67834 /* Storyboard.storyboard in Resources */ = {isa = PBXBuildFile; fileRef = FEBDCE1F27645D4C970B683D /* Storyboard.storyboard */; };
/* End PBXBuildFile section */

/* Begin PBXContainerItemProxy section */
		9D3FC9A719B5F2CC004AD0A1 /* PBXContainerItemProxy */ = {
			isa = PBXContainerItemProxy;
			containerPortal = 9D3FC97919B5F2CC004AD0A1 /* Project object */;
			proxyType = 1;
			remoteGlobalIDString = 9D3FC98019B5F2CC004AD0A1;
			remoteInfo = "Photo-viewer";
		};
/* End PBXContainerItemProxy section */

/* Begin PBXFileReference section */
		9D3FC98119B5F2CC004AD0A1 /* Photo-viewer.app */ = {isa = PBXFileReference; explicitFileType = wrapper.application; includeInIndex = 0; path = "Photo-viewer.app"; sourceTree = BUILT_PRODUCTS_DIR; };
		9D3FC98419B5F2CC004AD0A1 /* Foundation.framework */ = {isa = PBXFileReference; lastKnownFileType = wrapper.framework; name = Foundation.framework; path = System/Library/Frameworks/Foundation.framework; sourceTree = SDKROOT; };
		9D3FC98619B5F2CC004AD0A1 /* CoreGraphics.framework */ = {isa = PBXFileReference; lastKnownFileType = wrapper.framework; name = CoreGraphics.framework; path = System/Library/Frameworks/CoreGraphics.framework; sourceTree = SDKROOT; };
		9D3FC98819B5F2CC004AD0A1 /* UIKit.framework */ = {isa = PBXFileReference; lastKnownFileType = wrapper.framework; name = UIKit.framework; path = System/Library/Frameworks/UIKit.framework; sourceTree = SDKROOT; };
		9D3FC98A19B5F2CC004AD0A1 /* CoreData.framework */ = {isa = PBXFileReference; lastKnownFileType = wrapper.framework; name = CoreData.framework; path = System/Library/Frameworks/CoreData.framework; sourceTree = SDKROOT; };
		9D3FC98E19B5F2CC004AD0A1 /* Photo-viewer-Info.plist */ = {isa = PBXFileReference; lastKnownFileType = text.plist.xml; path = "Photo-viewer-Info.plist"; sourceTree = "<group>"; };
		9D3FC99019B5F2CC004AD0A1 /* en */ = {isa = PBXFileReference; lastKnownFileType = text.plist.strings; name = en; path = en.lproj/InfoPlist.strings; sourceTree = "<group>"; };
		9D3FC99219B5F2CC004AD0A1 /* main.m */ = {isa = PBXFileReference; lastKnownFileType = sourcecode.c.objc; path = main.m; sourceTree = "<group>"; };
		9D3FC99419B5F2CC004AD0A1 /* Photo-viewer-Prefix.pch */ = {isa = PBXFileReference; lastKnownFileType = sourcecode.c.h; path = "Photo-viewer-Prefix.pch"; sourceTree = "<group>"; };
		9D3FC99919B5F2CC004AD0A1 /* Photo_viewer.xcdatamodel */ = {isa = PBXFileReference; lastKnownFileType = wrapper.xcdatamodel; path = Photo_viewer.xcdatamodel; sourceTree = "<group>"; };
		9D3FC9A119B5F2CC004AD0A1 /* Photo-viewerTests.xctest */ = {isa = PBXFileReference; explicitFileType = wrapper.cfbundle; includeInIndex = 0; path = "Photo-viewerTests.xctest"; sourceTree = BUILT_PRODUCTS_DIR; };
		9D3FC9A219B5F2CC004AD0A1 /* XCTest.framework */ = {isa = PBXFileReference; lastKnownFileType = wrapper.framework; name = XCTest.framework; path = Library/Frameworks/XCTest.framework; sourceTree = DEVELOPER_DIR; };
		9D3FC9AB19B5F2CC004AD0A1 /* Photo-viewerTests-Info.plist */ = {isa = PBXFileReference; lastKnownFileType = text.plist.xml; path = "Photo-viewerTests-Info.plist"; sourceTree = "<group>"; };
		9D3FC9AD19B5F2CC004AD0A1 /* en */ = {isa = PBXFileReference; lastKnownFileType = text.plist.strings; name = en; path = en.lproj/InfoPlist.strings; sourceTree = "<group>"; };
		9D3FC9AF19B5F2CC004AD0A1 /* Photo_viewerTests.m */ = {isa = PBXFileReference; lastKnownFileType = sourcecode.c.objc; path = Photo_viewerTests.m; sourceTree = "<group>"; };
		FEBDC0E9154BCE6556DCD8B6 /* Album.m */ = {isa = PBXFileReference; fileEncoding = 4; lastKnownFileType = sourcecode.c.objc; name = Album.m; path = "Photo-viewer/Classes/Album.m"; sourceTree = "<group>"; };
		FEBDC22632AA4D7F6E1B1905 /* BLOAppDelegate.m */ = {isa = PBXFileReference; fileEncoding = 4; lastKnownFileType = sourcecode.c.objc; name = BLOAppDelegate.m; path = "Photo-viewer/Classes/BLOAppDelegate.m"; sourceTree = "<group>"; };
		FEBDC3B80A38A1CE6CAF366D /* Images.xcassets */ = {isa = PBXFileReference; lastKnownFileType = folder.assetcatalog; path = Images.xcassets; sourceTree = "<group>"; };
		FEBDC5E03456E53B4CD0216F /* BLOTableViewController.m */ = {isa = PBXFileReference; fileEncoding = 4; lastKnownFileType = sourcecode.c.objc; name = BLOTableViewController.m; path = "Photo-viewer/Classes/BLOTableViewController.m"; sourceTree = "<group>"; };
		FEBDCB732CB880406A101777 /* Album.h */ = {isa = PBXFileReference; fileEncoding = 4; lastKnownFileType = sourcecode.c.h; name = Album.h; path = "Photo-viewer/Classes/Album.h"; sourceTree = "<group>"; };
		FEBDCDDD9467C50BCAA47D99 /* BLOAppDelegate.h */ = {isa = PBXFileReference; fileEncoding = 4; lastKnownFileType = sourcecode.c.h; name = BLOAppDelegate.h; path = "Photo-viewer/Classes/BLOAppDelegate.h"; sourceTree = "<group>"; };
		FEBDCE1F27645D4C970B683D /* Storyboard.storyboard */ = {isa = PBXFileReference; lastKnownFileType = file.storyboard; path = Storyboard.storyboard; sourceTree = "<group>"; };
		FEBDCF65F304CF33158C48C4 /* BLOTableViewController.h */ = {isa = PBXFileReference; fileEncoding = 4; lastKnownFileType = sourcecode.c.h; name = BLOTableViewController.h; path = "Photo-viewer/Classes/BLOTableViewController.h"; sourceTree = "<group>"; };
/* End PBXFileReference section */

/* Begin PBXFrameworksBuildPhase section */
		9D3FC97E19B5F2CC004AD0A1 /* Frameworks */ = {
			isa = PBXFrameworksBuildPhase;
			buildActionMask = 2147483647;
			files = (
				9D3FC98719B5F2CC004AD0A1 /* CoreGraphics.framework in Frameworks */,
				9D3FC98B19B5F2CC004AD0A1 /* CoreData.framework in Frameworks */,
				9D3FC98919B5F2CC004AD0A1 /* UIKit.framework in Frameworks */,
				9D3FC98519B5F2CC004AD0A1 /* Foundation.framework in Frameworks */,
			);
			runOnlyForDeploymentPostprocessing = 0;
		};
		9D3FC99E19B5F2CC004AD0A1 /* Frameworks */ = {
			isa = PBXFrameworksBuildPhase;
			buildActionMask = 2147483647;
			files = (
				9D3FC9A319B5F2CC004AD0A1 /* XCTest.framework in Frameworks */,
				9D3FC9A619B5F2CC004AD0A1 /* CoreData.framework in Frameworks */,
				9D3FC9A519B5F2CC004AD0A1 /* UIKit.framework in Frameworks */,
				9D3FC9A419B5F2CC004AD0A1 /* Foundation.framework in Frameworks */,
			);
			runOnlyForDeploymentPostprocessing = 0;
		};
/* End PBXFrameworksBuildPhase section */

/* Begin PBXGroup section */
		9D3FC97819B5F2CC004AD0A1 = {
			isa = PBXGroup;
			children = (
				9D3FC98C19B5F2CC004AD0A1 /* Photo-viewer */,
				9D3FC9A919B5F2CC004AD0A1 /* Photo-viewerTests */,
				9D3FC98319B5F2CC004AD0A1 /* Frameworks */,
				9D3FC98219B5F2CC004AD0A1 /* Products */,
			);
			sourceTree = "<group>";
		};
		9D3FC98219B5F2CC004AD0A1 /* Products */ = {
			isa = PBXGroup;
			children = (
				9D3FC98119B5F2CC004AD0A1 /* Photo-viewer.app */,
				9D3FC9A119B5F2CC004AD0A1 /* Photo-viewerTests.xctest */,
			);
			name = Products;
			sourceTree = "<group>";
		};
		9D3FC98319B5F2CC004AD0A1 /* Frameworks */ = {
			isa = PBXGroup;
			children = (
				9D3FC98419B5F2CC004AD0A1 /* Foundation.framework */,
				9D3FC98619B5F2CC004AD0A1 /* CoreGraphics.framework */,
				9D3FC98819B5F2CC004AD0A1 /* UIKit.framework */,
				9D3FC98A19B5F2CC004AD0A1 /* CoreData.framework */,
				9D3FC9A219B5F2CC004AD0A1 /* XCTest.framework */,
			);
			name = Frameworks;
			sourceTree = "<group>";
		};
		9D3FC98C19B5F2CC004AD0A1 /* Photo-viewer */ = {
			isa = PBXGroup;
			children = (
				9D3FC99819B5F2CC004AD0A1 /* Photo_viewer.xcdatamodeld */,
				9D3FC98D19B5F2CC004AD0A1 /* Supporting Files */,
				FEBDC418631AEE9D0EDC72DD /* Classes */,
				FEBDCC040B9CE0439D14CC1E /* Resources */,
			);
			path = "Photo-viewer";
			sourceTree = "<group>";
		};
		9D3FC98D19B5F2CC004AD0A1 /* Supporting Files */ = {
			isa = PBXGroup;
			children = (
				9D3FC98E19B5F2CC004AD0A1 /* Photo-viewer-Info.plist */,
				9D3FC98F19B5F2CC004AD0A1 /* InfoPlist.strings */,
				9D3FC99219B5F2CC004AD0A1 /* main.m */,
				9D3FC99419B5F2CC004AD0A1 /* Photo-viewer-Prefix.pch */,
			);
			name = "Supporting Files";
			sourceTree = "<group>";
		};
		9D3FC9A919B5F2CC004AD0A1 /* Photo-viewerTests */ = {
			isa = PBXGroup;
			children = (
				9D3FC9AF19B5F2CC004AD0A1 /* Photo_viewerTests.m */,
				9D3FC9AA19B5F2CC004AD0A1 /* Supporting Files */,
			);
			path = "Photo-viewerTests";
			sourceTree = "<group>";
		};
		9D3FC9AA19B5F2CC004AD0A1 /* Supporting Files */ = {
			isa = PBXGroup;
			children = (
				9D3FC9AB19B5F2CC004AD0A1 /* Photo-viewerTests-Info.plist */,
				9D3FC9AC19B5F2CC004AD0A1 /* InfoPlist.strings */,
			);
			name = "Supporting Files";
			sourceTree = "<group>";
		};
		FEBDC418631AEE9D0EDC72DD /* Classes */ = {
			isa = PBXGroup;
			children = (
				FEBDCB732CB880406A101777 /* Album.h */,
				FEBDC0E9154BCE6556DCD8B6 /* Album.m */,
				FEBDCDDD9467C50BCAA47D99 /* BLOAppDelegate.h */,
				FEBDC22632AA4D7F6E1B1905 /* BLOAppDelegate.m */,
				FEBDCF65F304CF33158C48C4 /* BLOTableViewController.h */,
				FEBDC5E03456E53B4CD0216F /* BLOTableViewController.m */,
			);
			name = Classes;
			path = "../../Photo-viewer";
			sourceTree = "<group>";
		};
		FEBDCC040B9CE0439D14CC1E /* Resources */ = {
			isa = PBXGroup;
			children = (
				FEBDCE1F27645D4C970B683D /* Storyboard.storyboard */,
				FEBDC3B80A38A1CE6CAF366D /* Images.xcassets */,
			);
			path = Resources;
			sourceTree = "<group>";
		};
/* End PBXGroup section */

/* Begin PBXNativeTarget section */
		9D3FC98019B5F2CC004AD0A1 /* Photo-viewer */ = {
			isa = PBXNativeTarget;
			buildConfigurationList = 9D3FC9B319B5F2CC004AD0A1 /* Build configuration list for PBXNativeTarget "Photo-viewer" */;
			buildPhases = (
				9D3FC97D19B5F2CC004AD0A1 /* Sources */,
				9D3FC97E19B5F2CC004AD0A1 /* Frameworks */,
				9D3FC97F19B5F2CC004AD0A1 /* Resources */,
			);
			buildRules = (
			);
			dependencies = (
			);
			name = "Photo-viewer";
			productName = "Photo-viewer";
			productReference = 9D3FC98119B5F2CC004AD0A1 /* Photo-viewer.app */;
			productType = "com.apple.product-type.application";
		};
		9D3FC9A019B5F2CC004AD0A1 /* Photo-viewerTests */ = {
			isa = PBXNativeTarget;
			buildConfigurationList = 9D3FC9B619B5F2CC004AD0A1 /* Build configuration list for PBXNativeTarget "Photo-viewerTests" */;
			buildPhases = (
				9D3FC99D19B5F2CC004AD0A1 /* Sources */,
				9D3FC99E19B5F2CC004AD0A1 /* Frameworks */,
				9D3FC99F19B5F2CC004AD0A1 /* Resources */,
			);
			buildRules = (
			);
			dependencies = (
				9D3FC9A819B5F2CC004AD0A1 /* PBXTargetDependency */,
			);
			name = "Photo-viewerTests";
			productName = "Photo-viewerTests";
			productReference = 9D3FC9A119B5F2CC004AD0A1 /* Photo-viewerTests.xctest */;
			productType = "com.apple.product-type.bundle.unit-test";
		};
/* End PBXNativeTarget section */

/* Begin PBXProject section */
		9D3FC97919B5F2CC004AD0A1 /* Project object */ = {
			isa = PBXProject;
			attributes = {
				CLASSPREFIX = BLO;
				LastUpgradeCheck = 0510;
				ORGANIZATIONNAME = STP;
				TargetAttributes = {
					9D3FC9A019B5F2CC004AD0A1 = {
						TestTargetID = 9D3FC98019B5F2CC004AD0A1;
					};
				};
			};
			buildConfigurationList = 9D3FC97C19B5F2CC004AD0A1 /* Build configuration list for PBXProject "Photo-viewer" */;
			compatibilityVersion = "Xcode 3.2";
			developmentRegion = English;
			hasScannedForEncodings = 0;
			knownRegions = (
				en,
			);
			mainGroup = 9D3FC97819B5F2CC004AD0A1;
			productRefGroup = 9D3FC98219B5F2CC004AD0A1 /* Products */;
			projectDirPath = "";
			projectRoot = "";
			targets = (
				9D3FC98019B5F2CC004AD0A1 /* Photo-viewer */,
				9D3FC9A019B5F2CC004AD0A1 /* Photo-viewerTests */,
			);
		};
/* End PBXProject section */

/* Begin PBXResourcesBuildPhase section */
		9D3FC97F19B5F2CC004AD0A1 /* Resources */ = {
			isa = PBXResourcesBuildPhase;
			buildActionMask = 2147483647;
			files = (
				9D3FC99119B5F2CC004AD0A1 /* InfoPlist.strings in Resources */,
				FEBDCF60A2DF3E4A8ED67834 /* Storyboard.storyboard in Resources */,
				FEBDCB4BD5925251DA94498C /* Images.xcassets in Resources */,
			);
			runOnlyForDeploymentPostprocessing = 0;
		};
		9D3FC99F19B5F2CC004AD0A1 /* Resources */ = {
			isa = PBXResourcesBuildPhase;
			buildActionMask = 2147483647;
			files = (
				9D3FC9AE19B5F2CC004AD0A1 /* InfoPlist.strings in Resources */,
			);
			runOnlyForDeploymentPostprocessing = 0;
		};
/* End PBXResourcesBuildPhase section */

/* Begin PBXSourcesBuildPhase section */
		9D3FC97D19B5F2CC004AD0A1 /* Sources */ = {
			isa = PBXSourcesBuildPhase;
			buildActionMask = 2147483647;
			files = (
				9D3FC99A19B5F2CC004AD0A1 /* Photo_viewer.xcdatamodeld in Sources */,
				9D3FC99319B5F2CC004AD0A1 /* main.m in Sources */,
				FEBDC0B9BABEB82E0ED29C8E /* Album.m in Sources */,
				FEBDCCE67D70FB4782D73CE5 /* BLOAppDelegate.m in Sources */,
				FEBDC3692818CB7E6128CF4C /* BLOTableViewController.m in Sources */,
			);
			runOnlyForDeploymentPostprocessing = 0;
		};
		9D3FC99D19B5F2CC004AD0A1 /* Sources */ = {
			isa = PBXSourcesBuildPhase;
			buildActionMask = 2147483647;
			files = (
				9D3FC9B019B5F2CC004AD0A1 /* Photo_viewerTests.m in Sources */,
			);
			runOnlyForDeploymentPostprocessing = 0;
		};
/* End PBXSourcesBuildPhase section */

/* Begin PBXTargetDependency section */
		9D3FC9A819B5F2CC004AD0A1 /* PBXTargetDependency */ = {
			isa = PBXTargetDependency;
			target = 9D3FC98019B5F2CC004AD0A1 /* Photo-viewer */;
			targetProxy = 9D3FC9A719B5F2CC004AD0A1 /* PBXContainerItemProxy */;
		};
/* End PBXTargetDependency section */

/* Begin PBXVariantGroup section */
		9D3FC98F19B5F2CC004AD0A1 /* InfoPlist.strings */ = {
			isa = PBXVariantGroup;
			children = (
				9D3FC99019B5F2CC004AD0A1 /* en */,
			);
			name = InfoPlist.strings;
			sourceTree = "<group>";
		};
		9D3FC9AC19B5F2CC004AD0A1 /* InfoPlist.strings */ = {
			isa = PBXVariantGroup;
			children = (
				9D3FC9AD19B5F2CC004AD0A1 /* en */,
			);
			name = InfoPlist.strings;
			sourceTree = "<group>";
		};
/* End PBXVariantGroup section */

/* Begin XCBuildConfiguration section */
		9D3FC9B119B5F2CC004AD0A1 /* Debug */ = {
			isa = XCBuildConfiguration;
			buildSettings = {
				ALWAYS_SEARCH_USER_PATHS = NO;
				CLANG_CXX_LANGUAGE_STANDARD = "gnu++0x";
				CLANG_CXX_LIBRARY = "libc++";
				CLANG_ENABLE_MODULES = YES;
				CLANG_ENABLE_OBJC_ARC = YES;
				CLANG_WARN_BOOL_CONVERSION = YES;
				CLANG_WARN_CONSTANT_CONVERSION = YES;
				CLANG_WARN_DIRECT_OBJC_ISA_USAGE = YES_ERROR;
				CLANG_WARN_EMPTY_BODY = YES;
				CLANG_WARN_ENUM_CONVERSION = YES;
				CLANG_WARN_INT_CONVERSION = YES;
				CLANG_WARN_OBJC_ROOT_CLASS = YES_ERROR;
				CLANG_WARN__DUPLICATE_METHOD_MATCH = YES;
				"CODE_SIGN_IDENTITY[sdk=iphoneos*]" = "iPhone Developer";
				COPY_PHASE_STRIP = NO;
				GCC_C_LANGUAGE_STANDARD = gnu99;
				GCC_DYNAMIC_NO_PIC = NO;
				GCC_OPTIMIZATION_LEVEL = 0;
				GCC_PREPROCESSOR_DEFINITIONS = (
					"DEBUG=1",
					"$(inherited)",
				);
				GCC_SYMBOLS_PRIVATE_EXTERN = NO;
				GCC_WARN_64_TO_32_BIT_CONVERSION = YES;
				GCC_WARN_ABOUT_RETURN_TYPE = YES_ERROR;
				GCC_WARN_UNDECLARED_SELECTOR = YES;
				GCC_WARN_UNINITIALIZED_AUTOS = YES_AGGRESSIVE;
				GCC_WARN_UNUSED_FUNCTION = YES;
				GCC_WARN_UNUSED_VARIABLE = YES;
				IPHONEOS_DEPLOYMENT_TARGET = 7.1;
				ONLY_ACTIVE_ARCH = YES;
				SDKROOT = iphoneos;
			};
			name = Debug;
		};
		9D3FC9B219B5F2CC004AD0A1 /* Release */ = {
			isa = XCBuildConfiguration;
			buildSettings = {
				ALWAYS_SEARCH_USER_PATHS = NO;
				CLANG_CXX_LANGUAGE_STANDARD = "gnu++0x";
				CLANG_CXX_LIBRARY = "libc++";
				CLANG_ENABLE_MODULES = YES;
				CLANG_ENABLE_OBJC_ARC = YES;
				CLANG_WARN_BOOL_CONVERSION = YES;
				CLANG_WARN_CONSTANT_CONVERSION = YES;
				CLANG_WARN_DIRECT_OBJC_ISA_USAGE = YES_ERROR;
				CLANG_WARN_EMPTY_BODY = YES;
				CLANG_WARN_ENUM_CONVERSION = YES;
				CLANG_WARN_INT_CONVERSION = YES;
				CLANG_WARN_OBJC_ROOT_CLASS = YES_ERROR;
				CLANG_WARN__DUPLICATE_METHOD_MATCH = YES;
				"CODE_SIGN_IDENTITY[sdk=iphoneos*]" = "iPhone Developer";
				COPY_PHASE_STRIP = YES;
				ENABLE_NS_ASSERTIONS = NO;
				GCC_C_LANGUAGE_STANDARD = gnu99;
				GCC_WARN_64_TO_32_BIT_CONVERSION = YES;
				GCC_WARN_ABOUT_RETURN_TYPE = YES_ERROR;
				GCC_WARN_UNDECLARED_SELECTOR = YES;
				GCC_WARN_UNINITIALIZED_AUTOS = YES_AGGRESSIVE;
				GCC_WARN_UNUSED_FUNCTION = YES;
				GCC_WARN_UNUSED_VARIABLE = YES;
				IPHONEOS_DEPLOYMENT_TARGET = 7.1;
				SDKROOT = iphoneos;
				VALIDATE_PRODUCT = YES;
			};
			name = Release;
		};
		9D3FC9B419B5F2CC004AD0A1 /* Debug */ = {
			isa = XCBuildConfiguration;
			buildSettings = {
				ASSETCATALOG_COMPILER_APPICON_NAME = AppIcon;
				ASSETCATALOG_COMPILER_LAUNCHIMAGE_NAME = LaunchImage;
				GCC_PRECOMPILE_PREFIX_HEADER = YES;
				GCC_PREFIX_HEADER = "Photo-viewer/Photo-viewer-Prefix.pch";
				INFOPLIST_FILE = "Photo-viewer/Photo-viewer-Info.plist";
				PRODUCT_NAME = "$(TARGET_NAME)";
				WRAPPER_EXTENSION = app;
			};
			name = Debug;
		};
		9D3FC9B519B5F2CC004AD0A1 /* Release */ = {
			isa = XCBuildConfiguration;
			buildSettings = {
				ASSETCATALOG_COMPILER_APPICON_NAME = AppIcon;
				ASSETCATALOG_COMPILER_LAUNCHIMAGE_NAME = LaunchImage;
				GCC_PRECOMPILE_PREFIX_HEADER = YES;
				GCC_PREFIX_HEADER = "Photo-viewer/Photo-viewer-Prefix.pch";
				INFOPLIST_FILE = "Photo-viewer/Photo-viewer-Info.plist";
				PRODUCT_NAME = "$(TARGET_NAME)";
				WRAPPER_EXTENSION = app;
			};
			name = Release;
		};
		9D3FC9B719B5F2CC004AD0A1 /* Debug */ = {
			isa = XCBuildConfiguration;
			buildSettings = {
				BUNDLE_LOADER = "$(BUILT_PRODUCTS_DIR)/Photo-viewer.app/Photo-viewer";
				FRAMEWORK_SEARCH_PATHS = (
					"$(SDKROOT)/Developer/Library/Frameworks",
					"$(inherited)",
					"$(DEVELOPER_FRAMEWORKS_DIR)",
				);
				GCC_PRECOMPILE_PREFIX_HEADER = YES;
				GCC_PREFIX_HEADER = "Photo-viewer/Photo-viewer-Prefix.pch";
				GCC_PREPROCESSOR_DEFINITIONS = (
					"DEBUG=1",
					"$(inherited)",
				);
				INFOPLIST_FILE = "Photo-viewerTests/Photo-viewerTests-Info.plist";
				PRODUCT_NAME = "$(TARGET_NAME)";
				TEST_HOST = "$(BUNDLE_LOADER)";
				WRAPPER_EXTENSION = xctest;
			};
			name = Debug;
		};
		9D3FC9B819B5F2CC004AD0A1 /* Release */ = {
			isa = XCBuildConfiguration;
			buildSettings = {
				BUNDLE_LOADER = "$(BUILT_PRODUCTS_DIR)/Photo-viewer.app/Photo-viewer";
				FRAMEWORK_SEARCH_PATHS = (
					"$(SDKROOT)/Developer/Library/Frameworks",
					"$(inherited)",
					"$(DEVELOPER_FRAMEWORKS_DIR)",
				);
				GCC_PRECOMPILE_PREFIX_HEADER = YES;
				GCC_PREFIX_HEADER = "Photo-viewer/Photo-viewer-Prefix.pch";
				INFOPLIST_FILE = "Photo-viewerTests/Photo-viewerTests-Info.plist";
				PRODUCT_NAME = "$(TARGET_NAME)";
				TEST_HOST = "$(BUNDLE_LOADER)";
				WRAPPER_EXTENSION = xctest;
			};
			name = Release;
		};
/* End XCBuildConfiguration section */

/* Begin XCConfigurationList section */
		9D3FC97C19B5F2CC004AD0A1 /* Build configuration list for PBXProject "Photo-viewer" */ = {
			isa = XCConfigurationList;
			buildConfigurations = (
				9D3FC9B119B5F2CC004AD0A1 /* Debug */,
				9D3FC9B219B5F2CC004AD0A1 /* Release */,
			);
			defaultConfigurationIsVisible = 0;
			defaultConfigurationName = Release;
		};
		9D3FC9B319B5F2CC004AD0A1 /* Build configuration list for PBXNativeTarget "Photo-viewer" */ = {
			isa = XCConfigurationList;
			buildConfigurations = (
				9D3FC9B419B5F2CC004AD0A1 /* Debug */,
				9D3FC9B519B5F2CC004AD0A1 /* Release */,
			);
			defaultConfigurationIsVisible = 0;
			defaultConfigurationName = Release;
		};
		9D3FC9B619B5F2CC004AD0A1 /* Build configuration list for PBXNativeTarget "Photo-viewerTests" */ = {
			isa = XCConfigurationList;
			buildConfigurations = (
				9D3FC9B719B5F2CC004AD0A1 /* Debug */,
				9D3FC9B819B5F2CC004AD0A1 /* Release */,
			);
			defaultConfigurationIsVisible = 0;
			defaultConfigurationName = Release;
		};
/* End XCConfigurationList section */

/* Begin XCVersionGroup section */
		9D3FC99819B5F2CC004AD0A1 /* Photo_viewer.xcdatamodeld */ = {
			isa = XCVersionGroup;
			children = (
				9D3FC99919B5F2CC004AD0A1 /* Photo_viewer.xcdatamodel */,
			);
			currentVersion = 9D3FC99919B5F2CC004AD0A1 /* Photo_viewer.xcdatamodel */;
			path = Photo_viewer.xcdatamodeld;
			sourceTree = "<group>";
			versionGroupType = wrapper.xcdatamodel;
		};
/* End XCVersionGroup section */
	};
	rootObject = 9D3FC97919B5F2CC004AD0A1 /* Project object */;
}
